// !$*UTF8*$!
{
	archiveVersion = 1;
	classes = {
	};
	objectVersion = 46;
	objects = {

/* Begin PBXBuildFile section */
		CE02CE991F04DAC400B6A717 /* oth208572992f46a037f8a4c459885487011f36c0d1d00300.jpg in Resources */ = {isa = PBXBuildFile; fileRef = CE02CE981F04DAC400B6A717 /* oth208572992f46a037f8a4c459885487011f36c0d1d00300.jpg */; };
		CEFB22521F039F5400B5095C /* AppDelegate.swift in Sources */ = {isa = PBXBuildFile; fileRef = CEFB22511F039F5400B5095C /* AppDelegate.swift */; };
		CEFB22541F039F5400B5095C /* ViewController.swift in Sources */ = {isa = PBXBuildFile; fileRef = CEFB22531F039F5400B5095C /* ViewController.swift */; };
		CEFB22571F039F5400B5095C /* Main.storyboard in Resources */ = {isa = PBXBuildFile; fileRef = CEFB22551F039F5400B5095C /* Main.storyboard */; };
		CEFB22591F039F5400B5095C /* Assets.xcassets in Resources */ = {isa = PBXBuildFile; fileRef = CEFB22581F039F5400B5095C /* Assets.xcassets */; };
		CEFB225C1F039F5400B5095C /* LaunchScreen.storyboard in Resources */ = {isa = PBXBuildFile; fileRef = CEFB225A1F039F5400B5095C /* LaunchScreen.storyboard */; };
/* End PBXBuildFile section */

/* Begin PBXFileReference section */
		CE02CE981F04DAC400B6A717 /* oth208572992f46a037f8a4c459885487011f36c0d1d00300.jpg */ = {isa = PBXFileReference; lastKnownFileType = image.jpeg; path = oth208572992f46a037f8a4c459885487011f36c0d1d00300.jpg; sourceTree = "<group>"; };
		CEFB224E1F039F5400B5095C /* test1.app */ = {isa = PBXFileReference; explicitFileType = wrapper.application; includeInIndex = 0; path = test1.app; sourceTree = BUILT_PRODUCTS_DIR; };
		CEFB22511F039F5400B5095C /* AppDelegate.swift */ = {isa = PBXFileReference; lastKnownFileType = sourcecode.swift; path = AppDelegate.swift; sourceTree = "<group>"; };
		CEFB22531F039F5400B5095C /* ViewController.swift */ = {isa = PBXFileReference; lastKnownFileType = sourcecode.swift; path = ViewController.swift; sourceTree = "<group>"; };
		CEFB22561F039F5400B5095C /* Base */ = {isa = PBXFileReference; lastKnownFileType = file.storyboard; name = Base; path = Base.lproj/Main.storyboard; sourceTree = "<group>"; };
		CEFB22581F039F5400B5095C /* Assets.xcassets */ = {isa = PBXFileReference; lastKnownFileType = folder.assetcatalog; path = Assets.xcassets; sourceTree = "<group>"; };
		CEFB225B1F039F5400B5095C /* Base */ = {isa = PBXFileReference; lastKnownFileType = file.storyboard; name = Base; path = Base.lproj/LaunchScreen.storyboard; sourceTree = "<group>"; };
		CEFB225D1F039F5400B5095C /* Info.plist */ = {isa = PBXFileReference; lastKnownFileType = text.plist.xml; path = Info.plist; sourceTree = "<group>"; };
/* End PBXFileReference section */

/* Begin PBXFrameworksBuildPhase section */
		CEFB224B1F039F5400B5095C /* Frameworks */ = {
			isa = PBXFrameworksBuildPhase;
			buildActionMask = 2147483647;
			files = (
			);
			runOnlyForDeploymentPostprocessing = 0;
		};
/* End PBXFrameworksBuildPhase section */

/* Begin PBXGroup section */
		CEFB22451F039F5300B5095C = {
			isa = PBXGroup;
			children = (
				CEFB22501F039F5400B5095C /* test1 */,
				CEFB224F1F039F5400B5095C /* Products */,
			);
			sourceTree = "<group>";
		};
		CEFB224F1F039F5400B5095C /* Products */ = {
			isa = PBXGroup;
			children = (
				CEFB224E1F039F5400B5095C /* test1.app */,
			);
			name = Products;
			sourceTree = "<group>";
		};
		CEFB22501F039F5400B5095C /* test1 */ = {
			isa = PBXGroup;
			children = (
				CE02CE981F04DAC400B6A717 /* oth208572992f46a037f8a4c459885487011f36c0d1d00300.jpg */,
				CEFB22511F039F5400B5095C /* AppDelegate.swift */,
				CEFB22531F039F5400B5095C /* ViewController.swift */,
				CEFB22551F039F5400B5095C /* Main.storyboard */,
				CEFB22581F039F5400B5095C /* Assets.xcassets */,
				CEFB225A1F039F5400B5095C /* LaunchScreen.storyboard */,
				CEFB225D1F039F5400B5095C /* Info.plist */,
			);
			path = test1;
			sourceTree = "<group>";
		};
/* End PBXGroup section */

/* Begin PBXNativeTarget section */
		CEFB224D1F039F5400B5095C /* test1 */ = {
			isa = PBXNativeTarget;
			buildConfigurationList = CEFB22601F039F5400B5095C /* Build configuration list for PBXNativeTarget "test1" */;
			buildPhases = (
				CEFB224A1F039F5400B5095C /* Sources */,
				CEFB224B1F039F5400B5095C /* Frameworks */,
				CEFB224C1F039F5400B5095C /* Resources */,
			);
			buildRules = (
			);
			dependencies = (
			);
			name = test1;
			productName = test1;
			productReference = CEFB224E1F039F5400B5095C /* test1.app */;
			productType = "com.apple.product-type.application";
		};
/* End PBXNativeTarget section */

/* Begin PBXProject section */
		CEFB22461F039F5300B5095C /* Project object */ = {
			isa = PBXProject;
			attributes = {
				LastSwiftUpdateCheck = 0830;
				LastUpgradeCheck = 0830;
				ORGANIZATIONNAME = user;
				TargetAttributes = {
					CEFB224D1F039F5400B5095C = {
						CreatedOnToolsVersion = 8.3.3;
						DevelopmentTeam = C9FGPCC4D9;
						ProvisioningStyle = Automatic;
					};
				};
			};
			buildConfigurationList = CEFB22491F039F5300B5095C /* Build configuration list for PBXProject "test1" */;
			compatibilityVersion = "Xcode 3.2";
			developmentRegion = English;
			hasScannedForEncodings = 0;
			knownRegions = (
				en,
				Base,
			);
			mainGroup = CEFB22451F039F5300B5095C;
			productRefGroup = CEFB224F1F039F5400B5095C /* Products */;
			projectDirPath = "";
			projectRoot = "";
			targets = (
				CEFB224D1F039F5400B5095C /* test1 */,
			);
		};
/* End PBXProject section */

/* Begin PBXResourcesBuildPhase section */
		CEFB224C1F039F5400B5095C /* Resources */ = {
			isa = PBXResourcesBuildPhase;
			buildActionMask = 2147483647;
			files = (
				CEFB225C1F039F5400B5095C /* LaunchScreen.storyboard in Resources */,
				CEFB22591F039F5400B5095C /* Assets.xcassets in Resources */,
				CE02CE991F04DAC400B6A717 /* oth208572992f46a037f8a4c459885487011f36c0d1d00300.jpg in Resources */,
				CEFB22571F039F5400B5095C /* Main.storyboard in Resources */,
			);
			runOnlyForDeploymentPostprocessing = 0;
		};
/* End PBXResourcesBuildPhase section */

/* Begin PBXSourcesBuildPhase section */
		CEFB224A1F039F5400B5095C /* Sources */ = {
			isa = PBXSourcesBuildPhase;
			buildActionMask = 2147483647;
			files = (
				CEFB22541F039F5400B5095C /* ViewController.swift in Sources */,
				CEFB22521F039F5400B5095C /* AppDelegate.swift in Sources */,
			);
			runOnlyForDeploymentPostprocessing = 0;
		};
/* End PBXSourcesBuildPhase section */

/* Begin PBXVariantGroup section */
		CEFB22551F039F5400B5095C /* Main.storyboard */ = {
			isa = PBXVariantGroup;
			children = (
				CEFB22561F039F5400B5095C /* Base */,
			);
			name = Main.storyboard;
			sourceTree = "<group>";
		};
		CEFB225A1F039F5400B5095C /* LaunchScreen.storyboard */ = {
			isa = PBXVariantGroup;
			children = (
				CEFB225B1F039F5400B5095C /* Base */,
			);
			name = LaunchScreen.storyboard;
			sourceTree = "<group>";
		};
/* End PBXVariantGroup section */

/* Begin XCBuildConfiguration section */
		CEFB225E1F039F5400B5095C /* Debug */ = {
			isa = XCBuildConfiguration;
			buildSettings = {
				ALWAYS_SEARCH_USER_PATHS = NO;
				CLANG_ANALYZER_NONNULL = YES;
				CLANG_ANALYZER_NUMBER_OBJECT_CONVERSION = YES_AGGRESSIVE;
				CLANG_CXX_LANGUAGE_STANDARD = "gnu++0x";
				CLANG_CXX_LIBRARY = "libc++";
				CLANG_ENABLE_MODULES = YES;
				CLANG_ENABLE_OBJC_ARC = YES;
				CLANG_WARN_BOOL_CONVERSION = YES;
				CLANG_WARN_CONSTANT_CONVERSION = YES;
				CLANG_WARN_DIRECT_OBJC_ISA_USAGE = YES_ERROR;
				CLANG_WARN_DOCUMENTATION_COMMENTS = YES;
				CLANG_WARN_EMPTY_BODY = YES;
				CLANG_WARN_ENUM_CONVERSION = YES;
				CLANG_WARN_INFINITE_RECURSION = YES;
				CLANG_WARN_INT_CONVERSION = YES;
				CLANG_WARN_OBJC_ROOT_CLASS = YES_ERROR;
				CLANG_WARN_SUSPICIOUS_MOVE = YES;
				CLANG_WARN_UNREACHABLE_CODE = YES;
				CLANG_WARN__DUPLICATE_METHOD_MATCH = YES;
				"CODE_SIGN_IDENTITY[sdk=iphoneos*]" = "iPhone Developer";
				COPY_PHASE_STRIP = NO;
				DEBUG_INFORMATION_FORMAT = dwarf;
				ENABLE_STRICT_OBJC_MSGSEND = YES;
				ENABLE_TESTABILITY = YES;
				GCC_C_LANGUAGE_STANDARD = gnu99;
				GCC_DYNAMIC_NO_PIC = NO;
				GCC_NO_COMMON_BLOCKS = YES;
				GCC_OPTIMIZATION_LEVEL = 0;
				GCC_PREPROCESSOR_DEFINITIONS = (
					"DEBUG=1",
					"$(inherited)",
				);
				GCC_WARN_64_TO_32_BIT_CONVERSION = YES;
				GCC_WARN_ABOUT_RETURN_TYPE = YES_ERROR;
				GCC_WARN_UNDECLARED_SELECTOR = YES;
				GCC_WARN_UNINITIALIZED_AUTOS = YES_AGGRESSIVE;
				GCC_WARN_UNUSED_FUNCTION = YES;
				GCC_WARN_UNUSED_VARIABLE = YES;
				IPHONEOS_DEPLOYMENT_TARGET = 10.3;
				MTL_ENABLE_DEBUG_INFO = YES;
				ONLY_ACTIVE_ARCH = YES;
				SDKROOT = iphoneos;
				SWIFT_ACTIVE_COMPILATION_CONDITIONS = DEBUG;
				SWIFT_OPTIMIZATION_LEVEL = "-Onone";
				TARGETED_DEVICE_FAMILY = "1,2";
			};
			name = Debug;
		};
		CEFB225F1F039F5400B5095C /* Release */ = {
			isa = XCBuildConfiguration;
			buildSettings = {
				ALWAYS_SEARCH_USER_PATHS = NO;
				CLANG_ANALYZER_NONNULL = YES;
				CLANG_ANALYZER_NUMBER_OBJECT_CONVERSION = YES_AGGRESSIVE;
				CLANG_CXX_LANGUAGE_STANDARD = "gnu++0x";
				CLANG_CXX_LIBRARY = "libc++";
				CLANG_ENABLE_MODULES = YES;
				CLANG_ENABLE_OBJC_ARC = YES;
				CLANG_WARN_BOOL_CONVERSION = YES;
				CLANG_WARN_CONSTANT_CONVERSION = YES;
				CLANG_WARN_DIRECT_OBJC_ISA_USAGE = YES_ERROR;
				CLANG_WARN_DOCUMENTATION_COMMENTS = YES;
				CLANG_WARN_EMPTY_BODY = YES;
				CLANG_WARN_ENUM_CONVERSION = YES;
				CLANG_WARN_INFINITE_RECURSION = YES;
				CLANG_WARN_INT_CONVERSION = YES;
				CLANG_WARN_OBJC_ROOT_CLASS = YES_ERROR;
				CLANG_WARN_SUSPICIOUS_MOVE = YES;
				CLANG_WARN_UNREACHABLE_CODE = YES;
				CLANG_WARN__DUPLICATE_METHOD_MATCH = YES;
				"CODE_SIGN_IDENTITY[sdk=iphoneos*]" = "iPhone Developer";
				COPY_PHASE_STRIP = NO;
				DEBUG_INFORMATION_FORMAT = "dwarf-with-dsym";
				ENABLE_NS_ASSERTIONS = NO;
				ENABLE_STRICT_OBJC_MSGSEND = YES;
				GCC_C_LANGUAGE_STANDARD = gnu99;
				GCC_NO_COMMON_BLOCKS = YES;
				GCC_WARN_64_TO_32_BIT_CONVERSION = YES;
				GCC_WARN_ABOUT_RETURN_TYPE = YES_ERROR;
				GCC_WARN_UNDECLARED_SELECTOR = YES;
				GCC_WARN_UNINITIALIZED_AUTOS = YES_AGGRESSIVE;
				GCC_WARN_UNUSED_FUNCTION = YES;
				GCC_WARN_UNUSED_VARIABLE = YES;
				IPHONEOS_DEPLOYMENT_TARGET = 10.3;
				MTL_ENABLE_DEBUG_INFO = NO;
				SDKROOT = iphoneos;
				SWIFT_OPTIMIZATION_LEVEL = "-Owholemodule";
				TARGETED_DEVICE_FAMILY = "1,2";
				VALIDATE_PRODUCT = YES;
			};
			name = Release;
		};
		CEFB22611F039F5400B5095C /* Debug */ = {
			isa = XCBuildConfiguration;
			buildSettings = {
				ASSETCATALOG_COMPILER_APPICON_NAME = AppIcon;
				DEVELOPMENT_TEAM = C9FGPCC4D9;
				INFOPLIST_FILE = test1/Info.plist;
				LD_RUNPATH_SEARCH_PATHS = "$(inherited) @executable_path/Frameworks";
				PRODUCT_BUNDLE_IDENTIFIER = com.1007.test1;
				PRODUCT_NAME = "$(TARGET_NAME)";
				SWIFT_VERSION = 3.0;
			};
			name = Debug;
		};
		CEFB22621F039F5400B5095C /* Release */ = {
			isa = XCBuildConfiguration;
			buildSettings = {
				ASSETCATALOG_COMPILER_APPICON_NAME = AppIcon;
				DEVELOPMENT_TEAM = C9FGPCC4D9;
				INFOPLIST_FILE = test1/Info.plist;
				LD_RUNPATH_SEARCH_PATHS = "$(inherited) @executable_path/Frameworks";
				PRODUCT_BUNDLE_IDENTIFIER = com.1007.test1;
				PRODUCT_NAME = "$(TARGET_NAME)";
				SWIFT_VERSION = 3.0;
			};
			name = Release;
		};
/* End XCBuildConfiguration section */

/* Begin XCConfigurationList section */
		CEFB22491F039F5300B5095C /* Build configuration list for PBXProject "test1" */ = {
			isa = XCConfigurationList;
			buildConfigurations = (
				CEFB225E1F039F5400B5095C /* Debug */,
				CEFB225F1F039F5400B5095C /* Release */,
			);
			defaultConfigurationIsVisible = 0;
			defaultConfigurationName = Release;
		};
		CEFB22601F039F5400B5095C /* Build configuration list for PBXNativeTarget "test1" */ = {
			isa = XCConfigurationList;
			buildConfigurations = (
				CEFB22611F039F5400B5095C /* Debug */,
				CEFB22621F039F5400B5095C /* Release */,
			);
			defaultConfigurationIsVisible = 0;
			defaultConfigurationName = Release;
		};
/* End XCConfigurationList section */
	};
	rootObject = CEFB22461F039F5300B5095C /* Project object */;
}
