// !$*UTF8*$!
{
	archiveVersion = 1;
	classes = {
	};
	objectVersion = 46;
	objects = {

/* Begin PBXBuildFile section */
		CEBDC05C1EFA1F4C004E3329 /* AppDelegate.swift in Sources */ = {isa = PBXBuildFile; fileRef = CEBDC05B1EFA1F4C004E3329 /* AppDelegate.swift */; };
		CEBDC05E1EFA1F4C004E3329 /* ViewController.swift in Sources */ = {isa = PBXBuildFile; fileRef = CEBDC05D1EFA1F4C004E3329 /* ViewController.swift */; };
		CEBDC0611EFA1F4C004E3329 /* Main.storyboard in Resources */ = {isa = PBXBuildFile; fileRef = CEBDC05F1EFA1F4C004E3329 /* Main.storyboard */; };
		CEBDC0631EFA1F4C004E3329 /* Assets.xcassets in Resources */ = {isa = PBXBuildFile; fileRef = CEBDC0621EFA1F4C004E3329 /* Assets.xcassets */; };
		CEBDC0661EFA1F4C004E3329 /* LaunchScreen.storyboard in Resources */ = {isa = PBXBuildFile; fileRef = CEBDC0641EFA1F4C004E3329 /* LaunchScreen.storyboard */; };
/* End PBXBuildFile section */

/* Begin PBXFileReference section */
		CEBDC0581EFA1F4C004E3329 /* falockAPP07.app */ = {isa = PBXFileReference; explicitFileType = wrapper.application; includeInIndex = 0; path = falockAPP07.app; sourceTree = BUILT_PRODUCTS_DIR; };
		CEBDC05B1EFA1F4C004E3329 /* AppDelegate.swift */ = {isa = PBXFileReference; lastKnownFileType = sourcecode.swift; path = AppDelegate.swift; sourceTree = "<group>"; };
		CEBDC05D1EFA1F4C004E3329 /* ViewController.swift */ = {isa = PBXFileReference; lastKnownFileType = sourcecode.swift; path = ViewController.swift; sourceTree = "<group>"; };
		CEBDC0601EFA1F4C004E3329 /* Base */ = {isa = PBXFileReference; lastKnownFileType = file.storyboard; name = Base; path = Base.lproj/Main.storyboard; sourceTree = "<group>"; };
		CEBDC0621EFA1F4C004E3329 /* Assets.xcassets */ = {isa = PBXFileReference; lastKnownFileType = folder.assetcatalog; path = Assets.xcassets; sourceTree = "<group>"; };
		CEBDC0651EFA1F4C004E3329 /* Base */ = {isa = PBXFileReference; lastKnownFileType = file.storyboard; name = Base; path = Base.lproj/LaunchScreen.storyboard; sourceTree = "<group>"; };
		CEBDC0671EFA1F4C004E3329 /* Info.plist */ = {isa = PBXFileReference; lastKnownFileType = text.plist.xml; path = Info.plist; sourceTree = "<group>"; };
/* End PBXFileReference section */

/* Begin PBXFrameworksBuildPhase section */
		CEBDC0551EFA1F4C004E3329 /* Frameworks */ = {
			isa = PBXFrameworksBuildPhase;
			buildActionMask = 2147483647;
			files = (
			);
			runOnlyForDeploymentPostprocessing = 0;
		};
/* End PBXFrameworksBuildPhase section */

/* Begin PBXGroup section */
		CEBDC04F1EFA1F4C004E3329 = {
			isa = PBXGroup;
			children = (
				CEBDC05A1EFA1F4C004E3329 /* falockAPP07 */,
				CEBDC0591EFA1F4C004E3329 /* Products */,
			);
			sourceTree = "<group>";
		};
		CEBDC0591EFA1F4C004E3329 /* Products */ = {
			isa = PBXGroup;
			children = (
				CEBDC0581EFA1F4C004E3329 /* falockAPP07.app */,
			);
			name = Products;
			sourceTree = "<group>";
		};
		CEBDC05A1EFA1F4C004E3329 /* falockAPP07 */ = {
			isa = PBXGroup;
			children = (
				CEBDC05B1EFA1F4C004E3329 /* AppDelegate.swift */,
				CEBDC05D1EFA1F4C004E3329 /* ViewController.swift */,
				CEBDC05F1EFA1F4C004E3329 /* Main.storyboard */,
				CEBDC0621EFA1F4C004E3329 /* Assets.xcassets */,
				CEBDC0641EFA1F4C004E3329 /* LaunchScreen.storyboard */,
				CEBDC0671EFA1F4C004E3329 /* Info.plist */,
			);
			path = falockAPP07;
			sourceTree = "<group>";
		};
/* End PBXGroup section */

/* Begin PBXNativeTarget section */
		CEBDC0571EFA1F4C004E3329 /* falockAPP07 */ = {
			isa = PBXNativeTarget;
			buildConfigurationList = CEBDC06A1EFA1F4C004E3329 /* Build configuration list for PBXNativeTarget "falockAPP07" */;
			buildPhases = (
				CEBDC0541EFA1F4C004E3329 /* Sources */,
				CEBDC0551EFA1F4C004E3329 /* Frameworks */,
				CEBDC0561EFA1F4C004E3329 /* Resources */,
			);
			buildRules = (
			);
			dependencies = (
			);
			name = falockAPP07;
			productName = falockAPP07;
			productReference = CEBDC0581EFA1F4C004E3329 /* falockAPP07.app */;
			productType = "com.apple.product-type.application";
		};
/* End PBXNativeTarget section */

/* Begin PBXProject section */
		CEBDC0501EFA1F4C004E3329 /* Project object */ = {
			isa = PBXProject;
			attributes = {
				LastSwiftUpdateCheck = 0830;
				LastUpgradeCheck = 0830;
				ORGANIZATIONNAME = user;
				TargetAttributes = {
					CEBDC0571EFA1F4C004E3329 = {
						CreatedOnToolsVersion = 8.3.3;
						DevelopmentTeam = C9FGPCC4D9;
						ProvisioningStyle = Automatic;
					};
				};
			};
			buildConfigurationList = CEBDC0531EFA1F4C004E3329 /* Build configuration list for PBXProject "falockAPP07" */;
			compatibilityVersion = "Xcode 3.2";
			developmentRegion = English;
			hasScannedForEncodings = 0;
			knownRegions = (
				en,
				Base,
			);
			mainGroup = CEBDC04F1EFA1F4C004E3329;
			productRefGroup = CEBDC0591EFA1F4C004E3329 /* Products */;
			projectDirPath = "";
			projectRoot = "";
			targets = (
				CEBDC0571EFA1F4C004E3329 /* falockAPP07 */,
			);
		};
/* End PBXProject section */

/* Begin PBXResourcesBuildPhase section */
		CEBDC0561EFA1F4C004E3329 /* Resources */ = {
			isa = PBXResourcesBuildPhase;
			buildActionMask = 2147483647;
			files = (
				CEBDC0661EFA1F4C004E3329 /* LaunchScreen.storyboard in Resources */,
				CEBDC0631EFA1F4C004E3329 /* Assets.xcassets in Resources */,
				CEBDC0611EFA1F4C004E3329 /* Main.storyboard in Resources */,
			);
			runOnlyForDeploymentPostprocessing = 0;
		};
/* End PBXResourcesBuildPhase section */

/* Begin PBXSourcesBuildPhase section */
		CEBDC0541EFA1F4C004E3329 /* Sources */ = {
			isa = PBXSourcesBuildPhase;
			buildActionMask = 2147483647;
			files = (
				CEBDC05E1EFA1F4C004E3329 /* ViewController.swift in Sources */,
				CEBDC05C1EFA1F4C004E3329 /* AppDelegate.swift in Sources */,
			);
			runOnlyForDeploymentPostprocessing = 0;
		};
/* End PBXSourcesBuildPhase section */

/* Begin PBXVariantGroup section */
		CEBDC05F1EFA1F4C004E3329 /* Main.storyboard */ = {
			isa = PBXVariantGroup;
			children = (
				CEBDC0601EFA1F4C004E3329 /* Base */,
			);
			name = Main.storyboard;
			sourceTree = "<group>";
		};
		CEBDC0641EFA1F4C004E3329 /* LaunchScreen.storyboard */ = {
			isa = PBXVariantGroup;
			children = (
				CEBDC0651EFA1F4C004E3329 /* Base */,
			);
			name = LaunchScreen.storyboard;
			sourceTree = "<group>";
		};
/* End PBXVariantGroup section */

/* Begin XCBuildConfiguration section */
		CEBDC0681EFA1F4C004E3329 /* Debug */ = {
			isa = XCBuildConfiguration;
			buildSettings = {
				ALWAYS_SEARCH_USER_PATHS = NO;
				CLANG_ANALYZER_NONNULL = YES;
				CLANG_ANALYZER_NUMBER_OBJECT_CONVERSION = YES_AGGRESSIVE;
				CLANG_CXX_LANGUAGE_STANDARD = "gnu++0x";
				CLANG_CXX_LIBRARY = "libc++";
				CLANG_ENABLE_MODULES = YES;
				CLANG_ENABLE_OBJC_ARC = YES;
				CLANG_WARN_BOOL_CONVERSION = YES;
				CLANG_WARN_CONSTANT_CONVERSION = YES;
				CLANG_WARN_DIRECT_OBJC_ISA_USAGE = YES_ERROR;
				CLANG_WARN_DOCUMENTATION_COMMENTS = YES;
				CLANG_WARN_EMPTY_BODY = YES;
				CLANG_WARN_ENUM_CONVERSION = YES;
				CLANG_WARN_INFINITE_RECURSION = YES;
				CLANG_WARN_INT_CONVERSION = YES;
				CLANG_WARN_OBJC_ROOT_CLASS = YES_ERROR;
				CLANG_WARN_SUSPICIOUS_MOVE = YES;
				CLANG_WARN_UNREACHABLE_CODE = YES;
				CLANG_WARN__DUPLICATE_METHOD_MATCH = YES;
				"CODE_SIGN_IDENTITY[sdk=iphoneos*]" = "iPhone Developer";
				COPY_PHASE_STRIP = NO;
				DEBUG_INFORMATION_FORMAT = dwarf;
				ENABLE_STRICT_OBJC_MSGSEND = YES;
				ENABLE_TESTABILITY = YES;
				GCC_C_LANGUAGE_STANDARD = gnu99;
				GCC_DYNAMIC_NO_PIC = NO;
				GCC_NO_COMMON_BLOCKS = YES;
				GCC_OPTIMIZATION_LEVEL = 0;
				GCC_PREPROCESSOR_DEFINITIONS = (
					"DEBUG=1",
					"$(inherited)",
				);
				GCC_WARN_64_TO_32_BIT_CONVERSION = YES;
				GCC_WARN_ABOUT_RETURN_TYPE = YES_ERROR;
				GCC_WARN_UNDECLARED_SELECTOR = YES;
				GCC_WARN_UNINITIALIZED_AUTOS = YES_AGGRESSIVE;
				GCC_WARN_UNUSED_FUNCTION = YES;
				GCC_WARN_UNUSED_VARIABLE = YES;
				IPHONEOS_DEPLOYMENT_TARGET = 10.3;
				MTL_ENABLE_DEBUG_INFO = YES;
				ONLY_ACTIVE_ARCH = YES;
				SDKROOT = iphoneos;
				SWIFT_ACTIVE_COMPILATION_CONDITIONS = DEBUG;
				SWIFT_OPTIMIZATION_LEVEL = "-Onone";
				TARGETED_DEVICE_FAMILY = "1,2";
			};
			name = Debug;
		};
		CEBDC0691EFA1F4C004E3329 /* Release */ = {
			isa = XCBuildConfiguration;
			buildSettings = {
				ALWAYS_SEARCH_USER_PATHS = NO;
				CLANG_ANALYZER_NONNULL = YES;
				CLANG_ANALYZER_NUMBER_OBJECT_CONVERSION = YES_AGGRESSIVE;
				CLANG_CXX_LANGUAGE_STANDARD = "gnu++0x";
				CLANG_CXX_LIBRARY = "libc++";
				CLANG_ENABLE_MODULES = YES;
				CLANG_ENABLE_OBJC_ARC = YES;
				CLANG_WARN_BOOL_CONVERSION = YES;
				CLANG_WARN_CONSTANT_CONVERSION = YES;
				CLANG_WARN_DIRECT_OBJC_ISA_USAGE = YES_ERROR;
				CLANG_WARN_DOCUMENTATION_COMMENTS = YES;
				CLANG_WARN_EMPTY_BODY = YES;
				CLANG_WARN_ENUM_CONVERSION = YES;
				CLANG_WARN_INFINITE_RECURSION = YES;
				CLANG_WARN_INT_CONVERSION = YES;
				CLANG_WARN_OBJC_ROOT_CLASS = YES_ERROR;
				CLANG_WARN_SUSPICIOUS_MOVE = YES;
				CLANG_WARN_UNREACHABLE_CODE = YES;
				CLANG_WARN__DUPLICATE_METHOD_MATCH = YES;
				"CODE_SIGN_IDENTITY[sdk=iphoneos*]" = "iPhone Developer";
				COPY_PHASE_STRIP = NO;
				DEBUG_INFORMATION_FORMAT = "dwarf-with-dsym";
				ENABLE_NS_ASSERTIONS = NO;
				ENABLE_STRICT_OBJC_MSGSEND = YES;
				GCC_C_LANGUAGE_STANDARD = gnu99;
				GCC_NO_COMMON_BLOCKS = YES;
				GCC_WARN_64_TO_32_BIT_CONVERSION = YES;
				GCC_WARN_ABOUT_RETURN_TYPE = YES_ERROR;
				GCC_WARN_UNDECLARED_SELECTOR = YES;
				GCC_WARN_UNINITIALIZED_AUTOS = YES_AGGRESSIVE;
				GCC_WARN_UNUSED_FUNCTION = YES;
				GCC_WARN_UNUSED_VARIABLE = YES;
				IPHONEOS_DEPLOYMENT_TARGET = 10.3;
				MTL_ENABLE_DEBUG_INFO = NO;
				SDKROOT = iphoneos;
				SWIFT_OPTIMIZATION_LEVEL = "-Owholemodule";
				TARGETED_DEVICE_FAMILY = "1,2";
				VALIDATE_PRODUCT = YES;
			};
			name = Release;
		};
		CEBDC06B1EFA1F4C004E3329 /* Debug */ = {
			isa = XCBuildConfiguration;
			buildSettings = {
				ASSETCATALOG_COMPILER_APPICON_NAME = AppIcon;
				DEVELOPMENT_TEAM = C9FGPCC4D9;
				INFOPLIST_FILE = falockAPP07/Info.plist;
				LD_RUNPATH_SEARCH_PATHS = "$(inherited) @executable_path/Frameworks";
				PRODUCT_BUNDLE_IDENTIFIER = com.1007.falockAPP07;
				PRODUCT_NAME = "$(TARGET_NAME)";
				SWIFT_VERSION = 3.0;
			};
			name = Debug;
		};
		CEBDC06C1EFA1F4C004E3329 /* Release */ = {
			isa = XCBuildConfiguration;
			buildSettings = {
				ASSETCATALOG_COMPILER_APPICON_NAME = AppIcon;
				DEVELOPMENT_TEAM = C9FGPCC4D9;
				INFOPLIST_FILE = falockAPP07/Info.plist;
				LD_RUNPATH_SEARCH_PATHS = "$(inherited) @executable_path/Frameworks";
				PRODUCT_BUNDLE_IDENTIFIER = com.1007.falockAPP07;
				PRODUCT_NAME = "$(TARGET_NAME)";
				SWIFT_VERSION = 3.0;
			};
			name = Release;
		};
/* End XCBuildConfiguration section */

/* Begin XCConfigurationList section */
		CEBDC0531EFA1F4C004E3329 /* Build configuration list for PBXProject "falockAPP07" */ = {
			isa = XCConfigurationList;
			buildConfigurations = (
				CEBDC0681EFA1F4C004E3329 /* Debug */,
				CEBDC0691EFA1F4C004E3329 /* Release */,
			);
			defaultConfigurationIsVisible = 0;
			defaultConfigurationName = Release;
		};
		CEBDC06A1EFA1F4C004E3329 /* Build configuration list for PBXNativeTarget "falockAPP07" */ = {
			isa = XCConfigurationList;
			buildConfigurations = (
				CEBDC06B1EFA1F4C004E3329 /* Debug */,
				CEBDC06C1EFA1F4C004E3329 /* Release */,
			);
			defaultConfigurationIsVisible = 0;
		};
/* End XCConfigurationList section */
	};
	rootObject = CEBDC0501EFA1F4C004E3329 /* Project object */;
}
