// !$*UTF8*$!
{
	archiveVersion = 1;
	classes = {
	};
	objectVersion = 46;
	objects = {

/* Begin PBXBuildFile section */
		CE02CE801F04A2A300B6A717 /* AppDelegate.swift in Sources */ = {isa = PBXBuildFile; fileRef = CE02CE7F1F04A2A300B6A717 /* AppDelegate.swift */; };
		CE02CE821F04A2A300B6A717 /* ViewController.swift in Sources */ = {isa = PBXBuildFile; fileRef = CE02CE811F04A2A300B6A717 /* ViewController.swift */; };
		CE02CE851F04A2A300B6A717 /* Main.storyboard in Resources */ = {isa = PBXBuildFile; fileRef = CE02CE831F04A2A300B6A717 /* Main.storyboard */; };
		CE02CE871F04A2A300B6A717 /* Assets.xcassets in Resources */ = {isa = PBXBuildFile; fileRef = CE02CE861F04A2A300B6A717 /* Assets.xcassets */; };
		CE02CE8A1F04A2A300B6A717 /* LaunchScreen.storyboard in Resources */ = {isa = PBXBuildFile; fileRef = CE02CE881F04A2A300B6A717 /* LaunchScreen.storyboard */; };
		CE02CE941F04A2F700B6A717 /* oth208572992f46a037f8a4c459885487011f36c0d1d00300.jpg in Resources */ = {isa = PBXBuildFile; fileRef = CE02CE921F04A2F700B6A717 /* oth208572992f46a037f8a4c459885487011f36c0d1d00300.jpg */; };
		CE02CE951F04A2F700B6A717 /* photo.jpg in Resources */ = {isa = PBXBuildFile; fileRef = CE02CE931F04A2F700B6A717 /* photo.jpg */; };
		CE02CE971F04A3CE00B6A717 /* unnamed.png in Resources */ = {isa = PBXBuildFile; fileRef = CE02CE961F04A3CE00B6A717 /* unnamed.png */; };
/* End PBXBuildFile section */

/* Begin PBXFileReference section */
		CE02CE7C1F04A2A300B6A717 /* falockAPP12.app */ = {isa = PBXFileReference; explicitFileType = wrapper.application; includeInIndex = 0; path = falockAPP12.app; sourceTree = BUILT_PRODUCTS_DIR; };
		CE02CE7F1F04A2A300B6A717 /* AppDelegate.swift */ = {isa = PBXFileReference; lastKnownFileType = sourcecode.swift; path = AppDelegate.swift; sourceTree = "<group>"; };
		CE02CE811F04A2A300B6A717 /* ViewController.swift */ = {isa = PBXFileReference; lastKnownFileType = sourcecode.swift; path = ViewController.swift; sourceTree = "<group>"; };
		CE02CE841F04A2A300B6A717 /* Base */ = {isa = PBXFileReference; lastKnownFileType = file.storyboard; name = Base; path = Base.lproj/Main.storyboard; sourceTree = "<group>"; };
		CE02CE861F04A2A300B6A717 /* Assets.xcassets */ = {isa = PBXFileReference; lastKnownFileType = folder.assetcatalog; path = Assets.xcassets; sourceTree = "<group>"; };
		CE02CE891F04A2A300B6A717 /* Base */ = {isa = PBXFileReference; lastKnownFileType = file.storyboard; name = Base; path = Base.lproj/LaunchScreen.storyboard; sourceTree = "<group>"; };
		CE02CE8B1F04A2A300B6A717 /* Info.plist */ = {isa = PBXFileReference; lastKnownFileType = text.plist.xml; path = Info.plist; sourceTree = "<group>"; };
		CE02CE921F04A2F700B6A717 /* oth208572992f46a037f8a4c459885487011f36c0d1d00300.jpg */ = {isa = PBXFileReference; lastKnownFileType = image.jpeg; path = oth208572992f46a037f8a4c459885487011f36c0d1d00300.jpg; sourceTree = "<group>"; };
		CE02CE931F04A2F700B6A717 /* photo.jpg */ = {isa = PBXFileReference; lastKnownFileType = image.jpeg; path = photo.jpg; sourceTree = "<group>"; };
		CE02CE961F04A3CE00B6A717 /* unnamed.png */ = {isa = PBXFileReference; lastKnownFileType = image.png; path = unnamed.png; sourceTree = "<group>"; };
/* End PBXFileReference section */

/* Begin PBXFrameworksBuildPhase section */
		CE02CE791F04A2A300B6A717 /* Frameworks */ = {
			isa = PBXFrameworksBuildPhase;
			buildActionMask = 2147483647;
			files = (
			);
			runOnlyForDeploymentPostprocessing = 0;
		};
/* End PBXFrameworksBuildPhase section */

/* Begin PBXGroup section */
		CE02CE731F04A2A200B6A717 = {
			isa = PBXGroup;
			children = (
				CE02CE7E1F04A2A300B6A717 /* falockAPP12 */,
				CE02CE7D1F04A2A300B6A717 /* Products */,
			);
			sourceTree = "<group>";
		};
		CE02CE7D1F04A2A300B6A717 /* Products */ = {
			isa = PBXGroup;
			children = (
				CE02CE7C1F04A2A300B6A717 /* falockAPP12.app */,
			);
			name = Products;
			sourceTree = "<group>";
		};
		CE02CE7E1F04A2A300B6A717 /* falockAPP12 */ = {
			isa = PBXGroup;
			children = (
				CE02CE911F04A2CC00B6A717 /* img */,
				CE02CE7F1F04A2A300B6A717 /* AppDelegate.swift */,
				CE02CE811F04A2A300B6A717 /* ViewController.swift */,
				CE02CE831F04A2A300B6A717 /* Main.storyboard */,
				CE02CE861F04A2A300B6A717 /* Assets.xcassets */,
				CE02CE881F04A2A300B6A717 /* LaunchScreen.storyboard */,
				CE02CE8B1F04A2A300B6A717 /* Info.plist */,
			);
			path = falockAPP12;
			sourceTree = "<group>";
		};
		CE02CE911F04A2CC00B6A717 /* img */ = {
			isa = PBXGroup;
			children = (
				CE02CE961F04A3CE00B6A717 /* unnamed.png */,
				CE02CE921F04A2F700B6A717 /* oth208572992f46a037f8a4c459885487011f36c0d1d00300.jpg */,
				CE02CE931F04A2F700B6A717 /* photo.jpg */,
			);
			name = img;
			sourceTree = "<group>";
		};
/* End PBXGroup section */

/* Begin PBXNativeTarget section */
		CE02CE7B1F04A2A300B6A717 /* falockAPP12 */ = {
			isa = PBXNativeTarget;
			buildConfigurationList = CE02CE8E1F04A2A300B6A717 /* Build configuration list for PBXNativeTarget "falockAPP12" */;
			buildPhases = (
				CE02CE781F04A2A300B6A717 /* Sources */,
				CE02CE791F04A2A300B6A717 /* Frameworks */,
				CE02CE7A1F04A2A300B6A717 /* Resources */,
			);
			buildRules = (
			);
			dependencies = (
			);
			name = falockAPP12;
			productName = falockAPP12;
			productReference = CE02CE7C1F04A2A300B6A717 /* falockAPP12.app */;
			productType = "com.apple.product-type.application";
		};
/* End PBXNativeTarget section */

/* Begin PBXProject section */
		CE02CE741F04A2A200B6A717 /* Project object */ = {
			isa = PBXProject;
			attributes = {
				LastSwiftUpdateCheck = 0830;
				LastUpgradeCheck = 0830;
				ORGANIZATIONNAME = user;
				TargetAttributes = {
					CE02CE7B1F04A2A300B6A717 = {
						CreatedOnToolsVersion = 8.3.3;
						DevelopmentTeam = C9FGPCC4D9;
						ProvisioningStyle = Automatic;
					};
				};
			};
			buildConfigurationList = CE02CE771F04A2A300B6A717 /* Build configuration list for PBXProject "falockAPP12" */;
			compatibilityVersion = "Xcode 3.2";
			developmentRegion = English;
			hasScannedForEncodings = 0;
			knownRegions = (
				en,
				Base,
			);
			mainGroup = CE02CE731F04A2A200B6A717;
			productRefGroup = CE02CE7D1F04A2A300B6A717 /* Products */;
			projectDirPath = "";
			projectRoot = "";
			targets = (
				CE02CE7B1F04A2A300B6A717 /* falockAPP12 */,
			);
		};
/* End PBXProject section */

/* Begin PBXResourcesBuildPhase section */
		CE02CE7A1F04A2A300B6A717 /* Resources */ = {
			isa = PBXResourcesBuildPhase;
			buildActionMask = 2147483647;
			files = (
				CE02CE8A1F04A2A300B6A717 /* LaunchScreen.storyboard in Resources */,
				CE02CE871F04A2A300B6A717 /* Assets.xcassets in Resources */,
				CE02CE971F04A3CE00B6A717 /* unnamed.png in Resources */,
				CE02CE951F04A2F700B6A717 /* photo.jpg in Resources */,
				CE02CE941F04A2F700B6A717 /* oth208572992f46a037f8a4c459885487011f36c0d1d00300.jpg in Resources */,
				CE02CE851F04A2A300B6A717 /* Main.storyboard in Resources */,
			);
			runOnlyForDeploymentPostprocessing = 0;
		};
/* End PBXResourcesBuildPhase section */

/* Begin PBXSourcesBuildPhase section */
		CE02CE781F04A2A300B6A717 /* Sources */ = {
			isa = PBXSourcesBuildPhase;
			buildActionMask = 2147483647;
			files = (
				CE02CE821F04A2A300B6A717 /* ViewController.swift in Sources */,
				CE02CE801F04A2A300B6A717 /* AppDelegate.swift in Sources */,
			);
			runOnlyForDeploymentPostprocessing = 0;
		};
/* End PBXSourcesBuildPhase section */

/* Begin PBXVariantGroup section */
		CE02CE831F04A2A300B6A717 /* Main.storyboard */ = {
			isa = PBXVariantGroup;
			children = (
				CE02CE841F04A2A300B6A717 /* Base */,
			);
			name = Main.storyboard;
			sourceTree = "<group>";
		};
		CE02CE881F04A2A300B6A717 /* LaunchScreen.storyboard */ = {
			isa = PBXVariantGroup;
			children = (
				CE02CE891F04A2A300B6A717 /* Base */,
			);
			name = LaunchScreen.storyboard;
			sourceTree = "<group>";
		};
/* End PBXVariantGroup section */

/* Begin XCBuildConfiguration section */
		CE02CE8C1F04A2A300B6A717 /* Debug */ = {
			isa = XCBuildConfiguration;
			buildSettings = {
				ALWAYS_SEARCH_USER_PATHS = NO;
				CLANG_ANALYZER_NONNULL = YES;
				CLANG_ANALYZER_NUMBER_OBJECT_CONVERSION = YES_AGGRESSIVE;
				CLANG_CXX_LANGUAGE_STANDARD = "gnu++0x";
				CLANG_CXX_LIBRARY = "libc++";
				CLANG_ENABLE_MODULES = YES;
				CLANG_ENABLE_OBJC_ARC = YES;
				CLANG_WARN_BOOL_CONVERSION = YES;
				CLANG_WARN_CONSTANT_CONVERSION = YES;
				CLANG_WARN_DIRECT_OBJC_ISA_USAGE = YES_ERROR;
				CLANG_WARN_DOCUMENTATION_COMMENTS = YES;
				CLANG_WARN_EMPTY_BODY = YES;
				CLANG_WARN_ENUM_CONVERSION = YES;
				CLANG_WARN_INFINITE_RECURSION = YES;
				CLANG_WARN_INT_CONVERSION = YES;
				CLANG_WARN_OBJC_ROOT_CLASS = YES_ERROR;
				CLANG_WARN_SUSPICIOUS_MOVE = YES;
				CLANG_WARN_UNREACHABLE_CODE = YES;
				CLANG_WARN__DUPLICATE_METHOD_MATCH = YES;
				"CODE_SIGN_IDENTITY[sdk=iphoneos*]" = "iPhone Developer";
				COPY_PHASE_STRIP = NO;
				DEBUG_INFORMATION_FORMAT = dwarf;
				ENABLE_STRICT_OBJC_MSGSEND = YES;
				ENABLE_TESTABILITY = YES;
				GCC_C_LANGUAGE_STANDARD = gnu99;
				GCC_DYNAMIC_NO_PIC = NO;
				GCC_NO_COMMON_BLOCKS = YES;
				GCC_OPTIMIZATION_LEVEL = 0;
				GCC_PREPROCESSOR_DEFINITIONS = (
					"DEBUG=1",
					"$(inherited)",
				);
				GCC_WARN_64_TO_32_BIT_CONVERSION = YES;
				GCC_WARN_ABOUT_RETURN_TYPE = YES_ERROR;
				GCC_WARN_UNDECLARED_SELECTOR = YES;
				GCC_WARN_UNINITIALIZED_AUTOS = YES_AGGRESSIVE;
				GCC_WARN_UNUSED_FUNCTION = YES;
				GCC_WARN_UNUSED_VARIABLE = YES;
				IPHONEOS_DEPLOYMENT_TARGET = 10.3;
				MTL_ENABLE_DEBUG_INFO = YES;
				ONLY_ACTIVE_ARCH = YES;
				SDKROOT = iphoneos;
				SWIFT_ACTIVE_COMPILATION_CONDITIONS = DEBUG;
				SWIFT_OPTIMIZATION_LEVEL = "-Onone";
				TARGETED_DEVICE_FAMILY = "1,2";
			};
			name = Debug;
		};
		CE02CE8D1F04A2A300B6A717 /* Release */ = {
			isa = XCBuildConfiguration;
			buildSettings = {
				ALWAYS_SEARCH_USER_PATHS = NO;
				CLANG_ANALYZER_NONNULL = YES;
				CLANG_ANALYZER_NUMBER_OBJECT_CONVERSION = YES_AGGRESSIVE;
				CLANG_CXX_LANGUAGE_STANDARD = "gnu++0x";
				CLANG_CXX_LIBRARY = "libc++";
				CLANG_ENABLE_MODULES = YES;
				CLANG_ENABLE_OBJC_ARC = YES;
				CLANG_WARN_BOOL_CONVERSION = YES;
				CLANG_WARN_CONSTANT_CONVERSION = YES;
				CLANG_WARN_DIRECT_OBJC_ISA_USAGE = YES_ERROR;
				CLANG_WARN_DOCUMENTATION_COMMENTS = YES;
				CLANG_WARN_EMPTY_BODY = YES;
				CLANG_WARN_ENUM_CONVERSION = YES;
				CLANG_WARN_INFINITE_RECURSION = YES;
				CLANG_WARN_INT_CONVERSION = YES;
				CLANG_WARN_OBJC_ROOT_CLASS = YES_ERROR;
				CLANG_WARN_SUSPICIOUS_MOVE = YES;
				CLANG_WARN_UNREACHABLE_CODE = YES;
				CLANG_WARN__DUPLICATE_METHOD_MATCH = YES;
				"CODE_SIGN_IDENTITY[sdk=iphoneos*]" = "iPhone Developer";
				COPY_PHASE_STRIP = NO;
				DEBUG_INFORMATION_FORMAT = "dwarf-with-dsym";
				ENABLE_NS_ASSERTIONS = NO;
				ENABLE_STRICT_OBJC_MSGSEND = YES;
				GCC_C_LANGUAGE_STANDARD = gnu99;
				GCC_NO_COMMON_BLOCKS = YES;
				GCC_WARN_64_TO_32_BIT_CONVERSION = YES;
				GCC_WARN_ABOUT_RETURN_TYPE = YES_ERROR;
				GCC_WARN_UNDECLARED_SELECTOR = YES;
				GCC_WARN_UNINITIALIZED_AUTOS = YES_AGGRESSIVE;
				GCC_WARN_UNUSED_FUNCTION = YES;
				GCC_WARN_UNUSED_VARIABLE = YES;
				IPHONEOS_DEPLOYMENT_TARGET = 10.3;
				MTL_ENABLE_DEBUG_INFO = NO;
				SDKROOT = iphoneos;
				SWIFT_OPTIMIZATION_LEVEL = "-Owholemodule";
				TARGETED_DEVICE_FAMILY = "1,2";
				VALIDATE_PRODUCT = YES;
			};
			name = Release;
		};
		CE02CE8F1F04A2A300B6A717 /* Debug */ = {
			isa = XCBuildConfiguration;
			buildSettings = {
				ASSETCATALOG_COMPILER_APPICON_NAME = AppIcon;
				DEVELOPMENT_TEAM = C9FGPCC4D9;
				INFOPLIST_FILE = falockAPP12/Info.plist;
				LD_RUNPATH_SEARCH_PATHS = "$(inherited) @executable_path/Frameworks";
				PRODUCT_BUNDLE_IDENTIFIER = com.1007.falockAPP12;
				PRODUCT_NAME = "$(TARGET_NAME)";
				SWIFT_VERSION = 3.0;
			};
			name = Debug;
		};
		CE02CE901F04A2A300B6A717 /* Release */ = {
			isa = XCBuildConfiguration;
			buildSettings = {
				ASSETCATALOG_COMPILER_APPICON_NAME = AppIcon;
				DEVELOPMENT_TEAM = C9FGPCC4D9;
				INFOPLIST_FILE = falockAPP12/Info.plist;
				LD_RUNPATH_SEARCH_PATHS = "$(inherited) @executable_path/Frameworks";
				PRODUCT_BUNDLE_IDENTIFIER = com.1007.falockAPP12;
				PRODUCT_NAME = "$(TARGET_NAME)";
				SWIFT_VERSION = 3.0;
			};
			name = Release;
		};
/* End XCBuildConfiguration section */

/* Begin XCConfigurationList section */
		CE02CE771F04A2A300B6A717 /* Build configuration list for PBXProject "falockAPP12" */ = {
			isa = XCConfigurationList;
			buildConfigurations = (
				CE02CE8C1F04A2A300B6A717 /* Debug */,
				CE02CE8D1F04A2A300B6A717 /* Release */,
			);
			defaultConfigurationIsVisible = 0;
			defaultConfigurationName = Release;
		};
		CE02CE8E1F04A2A300B6A717 /* Build configuration list for PBXNativeTarget "falockAPP12" */ = {
			isa = XCConfigurationList;
			buildConfigurations = (
				CE02CE8F1F04A2A300B6A717 /* Debug */,
				CE02CE901F04A2A300B6A717 /* Release */,
			);
			defaultConfigurationIsVisible = 0;
		};
/* End XCConfigurationList section */
	};
	rootObject = CE02CE741F04A2A200B6A717 /* Project object */;
}
