// !$*UTF8*$!
{
	archiveVersion = 1;
	classes = {
	};
	objectVersion = 46;
	objects = {

/* Begin PBXBuildFile section */
		CE894DE11F03399200A5C448 /* AppDelegate.swift in Sources */ = {isa = PBXBuildFile; fileRef = CE894DE01F03399200A5C448 /* AppDelegate.swift */; };
		CE894DE31F03399200A5C448 /* ViewController.swift in Sources */ = {isa = PBXBuildFile; fileRef = CE894DE21F03399200A5C448 /* ViewController.swift */; };
		CE894DE61F03399200A5C448 /* Main.storyboard in Resources */ = {isa = PBXBuildFile; fileRef = CE894DE41F03399200A5C448 /* Main.storyboard */; };
		CE894DE81F03399200A5C448 /* Assets.xcassets in Resources */ = {isa = PBXBuildFile; fileRef = CE894DE71F03399200A5C448 /* Assets.xcassets */; };
		CE894DEB1F03399200A5C448 /* LaunchScreen.storyboard in Resources */ = {isa = PBXBuildFile; fileRef = CE894DE91F03399200A5C448 /* LaunchScreen.storyboard */; };
		CE894DF31F034EA400A5C448 /* No2ViewController.swift in Sources */ = {isa = PBXBuildFile; fileRef = CE894DF21F034EA400A5C448 /* No2ViewController.swift */; };
/* End PBXBuildFile section */

/* Begin PBXFileReference section */
		CE894DDD1F03399200A5C448 /* DeadLine.app */ = {isa = PBXFileReference; explicitFileType = wrapper.application; includeInIndex = 0; path = DeadLine.app; sourceTree = BUILT_PRODUCTS_DIR; };
		CE894DE01F03399200A5C448 /* AppDelegate.swift */ = {isa = PBXFileReference; lastKnownFileType = sourcecode.swift; path = AppDelegate.swift; sourceTree = "<group>"; };
		CE894DE21F03399200A5C448 /* ViewController.swift */ = {isa = PBXFileReference; lastKnownFileType = sourcecode.swift; path = ViewController.swift; sourceTree = "<group>"; };
		CE894DE51F03399200A5C448 /* Base */ = {isa = PBXFileReference; lastKnownFileType = file.storyboard; name = Base; path = Base.lproj/Main.storyboard; sourceTree = "<group>"; };
		CE894DE71F03399200A5C448 /* Assets.xcassets */ = {isa = PBXFileReference; lastKnownFileType = folder.assetcatalog; path = Assets.xcassets; sourceTree = "<group>"; };
		CE894DEA1F03399200A5C448 /* Base */ = {isa = PBXFileReference; lastKnownFileType = file.storyboard; name = Base; path = Base.lproj/LaunchScreen.storyboard; sourceTree = "<group>"; };
		CE894DEC1F03399200A5C448 /* Info.plist */ = {isa = PBXFileReference; lastKnownFileType = text.plist.xml; path = Info.plist; sourceTree = "<group>"; };
		CE894DF21F034EA400A5C448 /* No2ViewController.swift */ = {isa = PBXFileReference; fileEncoding = 4; lastKnownFileType = sourcecode.swift; path = No2ViewController.swift; sourceTree = "<group>"; };
/* End PBXFileReference section */

/* Begin PBXFrameworksBuildPhase section */
		CE894DDA1F03399100A5C448 /* Frameworks */ = {
			isa = PBXFrameworksBuildPhase;
			buildActionMask = 2147483647;
			files = (
			);
			runOnlyForDeploymentPostprocessing = 0;
		};
/* End PBXFrameworksBuildPhase section */

/* Begin PBXGroup section */
		CE894DD41F03399100A5C448 = {
			isa = PBXGroup;
			children = (
				CE894DDF1F03399200A5C448 /* DeadLine */,
				CE894DDE1F03399200A5C448 /* Products */,
			);
			sourceTree = "<group>";
		};
		CE894DDE1F03399200A5C448 /* Products */ = {
			isa = PBXGroup;
			children = (
				CE894DDD1F03399200A5C448 /* DeadLine.app */,
			);
			name = Products;
			sourceTree = "<group>";
		};
		CE894DDF1F03399200A5C448 /* DeadLine */ = {
			isa = PBXGroup;
			children = (
				CE894DE01F03399200A5C448 /* AppDelegate.swift */,
				CE894DE21F03399200A5C448 /* ViewController.swift */,
				CE894DE41F03399200A5C448 /* Main.storyboard */,
				CE894DE71F03399200A5C448 /* Assets.xcassets */,
				CE894DE91F03399200A5C448 /* LaunchScreen.storyboard */,
				CE894DEC1F03399200A5C448 /* Info.plist */,
				CE894DF21F034EA400A5C448 /* No2ViewController.swift */,
			);
			path = DeadLine;
			sourceTree = "<group>";
		};
/* End PBXGroup section */

/* Begin PBXNativeTarget section */
		CE894DDC1F03399100A5C448 /* DeadLine */ = {
			isa = PBXNativeTarget;
			buildConfigurationList = CE894DEF1F03399200A5C448 /* Build configuration list for PBXNativeTarget "DeadLine" */;
			buildPhases = (
				CE894DD91F03399100A5C448 /* Sources */,
				CE894DDA1F03399100A5C448 /* Frameworks */,
				CE894DDB1F03399100A5C448 /* Resources */,
			);
			buildRules = (
			);
			dependencies = (
			);
			name = DeadLine;
			productName = DeadLine;
			productReference = CE894DDD1F03399200A5C448 /* DeadLine.app */;
			productType = "com.apple.product-type.application";
		};
/* End PBXNativeTarget section */

/* Begin PBXProject section */
		CE894DD51F03399100A5C448 /* Project object */ = {
			isa = PBXProject;
			attributes = {
				LastSwiftUpdateCheck = 0830;
				LastUpgradeCheck = 0830;
				ORGANIZATIONNAME = user;
				TargetAttributes = {
					CE894DDC1F03399100A5C448 = {
						CreatedOnToolsVersion = 8.3.3;
						DevelopmentTeam = C9FGPCC4D9;
						ProvisioningStyle = Automatic;
					};
				};
			};
			buildConfigurationList = CE894DD81F03399100A5C448 /* Build configuration list for PBXProject "DeadLine" */;
			compatibilityVersion = "Xcode 3.2";
			developmentRegion = English;
			hasScannedForEncodings = 0;
			knownRegions = (
				en,
				Base,
			);
			mainGroup = CE894DD41F03399100A5C448;
			productRefGroup = CE894DDE1F03399200A5C448 /* Products */;
			projectDirPath = "";
			projectRoot = "";
			targets = (
				CE894DDC1F03399100A5C448 /* DeadLine */,
			);
		};
/* End PBXProject section */

/* Begin PBXResourcesBuildPhase section */
		CE894DDB1F03399100A5C448 /* Resources */ = {
			isa = PBXResourcesBuildPhase;
			buildActionMask = 2147483647;
			files = (
				CE894DEB1F03399200A5C448 /* LaunchScreen.storyboard in Resources */,
				CE894DE81F03399200A5C448 /* Assets.xcassets in Resources */,
				CE894DE61F03399200A5C448 /* Main.storyboard in Resources */,
			);
			runOnlyForDeploymentPostprocessing = 0;
		};
/* End PBXResourcesBuildPhase section */

/* Begin PBXSourcesBuildPhase section */
		CE894DD91F03399100A5C448 /* Sources */ = {
			isa = PBXSourcesBuildPhase;
			buildActionMask = 2147483647;
			files = (
				CE894DE31F03399200A5C448 /* ViewController.swift in Sources */,
				CE894DE11F03399200A5C448 /* AppDelegate.swift in Sources */,
				CE894DF31F034EA400A5C448 /* No2ViewController.swift in Sources */,
			);
			runOnlyForDeploymentPostprocessing = 0;
		};
/* End PBXSourcesBuildPhase section */

/* Begin PBXVariantGroup section */
		CE894DE41F03399200A5C448 /* Main.storyboard */ = {
			isa = PBXVariantGroup;
			children = (
				CE894DE51F03399200A5C448 /* Base */,
			);
			name = Main.storyboard;
			sourceTree = "<group>";
		};
		CE894DE91F03399200A5C448 /* LaunchScreen.storyboard */ = {
			isa = PBXVariantGroup;
			children = (
				CE894DEA1F03399200A5C448 /* Base */,
			);
			name = LaunchScreen.storyboard;
			sourceTree = "<group>";
		};
/* End PBXVariantGroup section */

/* Begin XCBuildConfiguration section */
		CE894DED1F03399200A5C448 /* Debug */ = {
			isa = XCBuildConfiguration;
			buildSettings = {
				ALWAYS_SEARCH_USER_PATHS = NO;
				CLANG_ANALYZER_NONNULL = YES;
				CLANG_ANALYZER_NUMBER_OBJECT_CONVERSION = YES_AGGRESSIVE;
				CLANG_CXX_LANGUAGE_STANDARD = "gnu++0x";
				CLANG_CXX_LIBRARY = "libc++";
				CLANG_ENABLE_MODULES = YES;
				CLANG_ENABLE_OBJC_ARC = YES;
				CLANG_WARN_BOOL_CONVERSION = YES;
				CLANG_WARN_CONSTANT_CONVERSION = YES;
				CLANG_WARN_DIRECT_OBJC_ISA_USAGE = YES_ERROR;
				CLANG_WARN_DOCUMENTATION_COMMENTS = YES;
				CLANG_WARN_EMPTY_BODY = YES;
				CLANG_WARN_ENUM_CONVERSION = YES;
				CLANG_WARN_INFINITE_RECURSION = YES;
				CLANG_WARN_INT_CONVERSION = YES;
				CLANG_WARN_OBJC_ROOT_CLASS = YES_ERROR;
				CLANG_WARN_SUSPICIOUS_MOVE = YES;
				CLANG_WARN_UNREACHABLE_CODE = YES;
				CLANG_WARN__DUPLICATE_METHOD_MATCH = YES;
				"CODE_SIGN_IDENTITY[sdk=iphoneos*]" = "iPhone Developer";
				COPY_PHASE_STRIP = NO;
				DEBUG_INFORMATION_FORMAT = dwarf;
				ENABLE_STRICT_OBJC_MSGSEND = YES;
				ENABLE_TESTABILITY = YES;
				GCC_C_LANGUAGE_STANDARD = gnu99;
				GCC_DYNAMIC_NO_PIC = NO;
				GCC_NO_COMMON_BLOCKS = YES;
				GCC_OPTIMIZATION_LEVEL = 0;
				GCC_PREPROCESSOR_DEFINITIONS = (
					"DEBUG=1",
					"$(inherited)",
				);
				GCC_WARN_64_TO_32_BIT_CONVERSION = YES;
				GCC_WARN_ABOUT_RETURN_TYPE = YES_ERROR;
				GCC_WARN_UNDECLARED_SELECTOR = YES;
				GCC_WARN_UNINITIALIZED_AUTOS = YES_AGGRESSIVE;
				GCC_WARN_UNUSED_FUNCTION = YES;
				GCC_WARN_UNUSED_VARIABLE = YES;
				IPHONEOS_DEPLOYMENT_TARGET = 10.3;
				MTL_ENABLE_DEBUG_INFO = YES;
				ONLY_ACTIVE_ARCH = YES;
				SDKROOT = iphoneos;
				SWIFT_ACTIVE_COMPILATION_CONDITIONS = DEBUG;
				SWIFT_OPTIMIZATION_LEVEL = "-Onone";
				TARGETED_DEVICE_FAMILY = "1,2";
			};
			name = Debug;
		};
		CE894DEE1F03399200A5C448 /* Release */ = {
			isa = XCBuildConfiguration;
			buildSettings = {
				ALWAYS_SEARCH_USER_PATHS = NO;
				CLANG_ANALYZER_NONNULL = YES;
				CLANG_ANALYZER_NUMBER_OBJECT_CONVERSION = YES_AGGRESSIVE;
				CLANG_CXX_LANGUAGE_STANDARD = "gnu++0x";
				CLANG_CXX_LIBRARY = "libc++";
				CLANG_ENABLE_MODULES = YES;
				CLANG_ENABLE_OBJC_ARC = YES;
				CLANG_WARN_BOOL_CONVERSION = YES;
				CLANG_WARN_CONSTANT_CONVERSION = YES;
				CLANG_WARN_DIRECT_OBJC_ISA_USAGE = YES_ERROR;
				CLANG_WARN_DOCUMENTATION_COMMENTS = YES;
				CLANG_WARN_EMPTY_BODY = YES;
				CLANG_WARN_ENUM_CONVERSION = YES;
				CLANG_WARN_INFINITE_RECURSION = YES;
				CLANG_WARN_INT_CONVERSION = YES;
				CLANG_WARN_OBJC_ROOT_CLASS = YES_ERROR;
				CLANG_WARN_SUSPICIOUS_MOVE = YES;
				CLANG_WARN_UNREACHABLE_CODE = YES;
				CLANG_WARN__DUPLICATE_METHOD_MATCH = YES;
				"CODE_SIGN_IDENTITY[sdk=iphoneos*]" = "iPhone Developer";
				COPY_PHASE_STRIP = NO;
				DEBUG_INFORMATION_FORMAT = "dwarf-with-dsym";
				ENABLE_NS_ASSERTIONS = NO;
				ENABLE_STRICT_OBJC_MSGSEND = YES;
				GCC_C_LANGUAGE_STANDARD = gnu99;
				GCC_NO_COMMON_BLOCKS = YES;
				GCC_WARN_64_TO_32_BIT_CONVERSION = YES;
				GCC_WARN_ABOUT_RETURN_TYPE = YES_ERROR;
				GCC_WARN_UNDECLARED_SELECTOR = YES;
				GCC_WARN_UNINITIALIZED_AUTOS = YES_AGGRESSIVE;
				GCC_WARN_UNUSED_FUNCTION = YES;
				GCC_WARN_UNUSED_VARIABLE = YES;
				IPHONEOS_DEPLOYMENT_TARGET = 10.3;
				MTL_ENABLE_DEBUG_INFO = NO;
				SDKROOT = iphoneos;
				SWIFT_OPTIMIZATION_LEVEL = "-Owholemodule";
				TARGETED_DEVICE_FAMILY = "1,2";
				VALIDATE_PRODUCT = YES;
			};
			name = Release;
		};
		CE894DF01F03399200A5C448 /* Debug */ = {
			isa = XCBuildConfiguration;
			buildSettings = {
				ASSETCATALOG_COMPILER_APPICON_NAME = AppIcon;
				DEVELOPMENT_TEAM = C9FGPCC4D9;
				INFOPLIST_FILE = DeadLine/Info.plist;
				LD_RUNPATH_SEARCH_PATHS = "$(inherited) @executable_path/Frameworks";
				PRODUCT_BUNDLE_IDENTIFIER = com.1007.DeadLine;
				PRODUCT_NAME = "$(TARGET_NAME)";
				SWIFT_VERSION = 3.0;
			};
			name = Debug;
		};
		CE894DF11F03399200A5C448 /* Release */ = {
			isa = XCBuildConfiguration;
			buildSettings = {
				ASSETCATALOG_COMPILER_APPICON_NAME = AppIcon;
				DEVELOPMENT_TEAM = C9FGPCC4D9;
				INFOPLIST_FILE = DeadLine/Info.plist;
				LD_RUNPATH_SEARCH_PATHS = "$(inherited) @executable_path/Frameworks";
				PRODUCT_BUNDLE_IDENTIFIER = com.1007.DeadLine;
				PRODUCT_NAME = "$(TARGET_NAME)";
				SWIFT_VERSION = 3.0;
			};
			name = Release;
		};
/* End XCBuildConfiguration section */

/* Begin XCConfigurationList section */
		CE894DD81F03399100A5C448 /* Build configuration list for PBXProject "DeadLine" */ = {
			isa = XCConfigurationList;
			buildConfigurations = (
				CE894DED1F03399200A5C448 /* Debug */,
				CE894DEE1F03399200A5C448 /* Release */,
			);
			defaultConfigurationIsVisible = 0;
			defaultConfigurationName = Release;
		};
		CE894DEF1F03399200A5C448 /* Build configuration list for PBXNativeTarget "DeadLine" */ = {
			isa = XCConfigurationList;
			buildConfigurations = (
				CE894DF01F03399200A5C448 /* Debug */,
				CE894DF11F03399200A5C448 /* Release */,
			);
			defaultConfigurationIsVisible = 0;
			defaultConfigurationName = Release;
		};
/* End XCConfigurationList section */
	};
	rootObject = CE894DD51F03399100A5C448 /* Project object */;
}
