// !$*UTF8*$!
{
	archiveVersion = 1;
	classes = {
	};
	objectVersion = 46;
	objects = {

/* Begin PBXBuildFile section */
		CEFB22701F048C2D00B5095C /* AppDelegate.swift in Sources */ = {isa = PBXBuildFile; fileRef = CEFB226F1F048C2D00B5095C /* AppDelegate.swift */; };
		CEFB22721F048C2D00B5095C /* ViewController.swift in Sources */ = {isa = PBXBuildFile; fileRef = CEFB22711F048C2D00B5095C /* ViewController.swift */; };
		CEFB22751F048C2D00B5095C /* Main.storyboard in Resources */ = {isa = PBXBuildFile; fileRef = CEFB22731F048C2D00B5095C /* Main.storyboard */; };
		CEFB22771F048C2D00B5095C /* Assets.xcassets in Resources */ = {isa = PBXBuildFile; fileRef = CEFB22761F048C2D00B5095C /* Assets.xcassets */; };
		CEFB227A1F048C2D00B5095C /* LaunchScreen.storyboard in Resources */ = {isa = PBXBuildFile; fileRef = CEFB22781F048C2D00B5095C /* LaunchScreen.storyboard */; };
/* End PBXBuildFile section */

/* Begin PBXFileReference section */
		CEFB226C1F048C2D00B5095C /* falockAPP11.app */ = {isa = PBXFileReference; explicitFileType = wrapper.application; includeInIndex = 0; path = falockAPP11.app; sourceTree = BUILT_PRODUCTS_DIR; };
		CEFB226F1F048C2D00B5095C /* AppDelegate.swift */ = {isa = PBXFileReference; lastKnownFileType = sourcecode.swift; path = AppDelegate.swift; sourceTree = "<group>"; };
		CEFB22711F048C2D00B5095C /* ViewController.swift */ = {isa = PBXFileReference; lastKnownFileType = sourcecode.swift; path = ViewController.swift; sourceTree = "<group>"; };
		CEFB22741F048C2D00B5095C /* Base */ = {isa = PBXFileReference; lastKnownFileType = file.storyboard; name = Base; path = Base.lproj/Main.storyboard; sourceTree = "<group>"; };
		CEFB22761F048C2D00B5095C /* Assets.xcassets */ = {isa = PBXFileReference; lastKnownFileType = folder.assetcatalog; path = Assets.xcassets; sourceTree = "<group>"; };
		CEFB22791F048C2D00B5095C /* Base */ = {isa = PBXFileReference; lastKnownFileType = file.storyboard; name = Base; path = Base.lproj/LaunchScreen.storyboard; sourceTree = "<group>"; };
		CEFB227B1F048C2D00B5095C /* Info.plist */ = {isa = PBXFileReference; lastKnownFileType = text.plist.xml; path = Info.plist; sourceTree = "<group>"; };
/* End PBXFileReference section */

/* Begin PBXFrameworksBuildPhase section */
		CEFB22691F048C2D00B5095C /* Frameworks */ = {
			isa = PBXFrameworksBuildPhase;
			buildActionMask = 2147483647;
			files = (
			);
			runOnlyForDeploymentPostprocessing = 0;
		};
/* End PBXFrameworksBuildPhase section */

/* Begin PBXGroup section */
		CEFB22631F048C2D00B5095C = {
			isa = PBXGroup;
			children = (
				CEFB226E1F048C2D00B5095C /* falockAPP11 */,
				CEFB226D1F048C2D00B5095C /* Products */,
			);
			sourceTree = "<group>";
		};
		CEFB226D1F048C2D00B5095C /* Products */ = {
			isa = PBXGroup;
			children = (
				CEFB226C1F048C2D00B5095C /* falockAPP11.app */,
			);
			name = Products;
			sourceTree = "<group>";
		};
		CEFB226E1F048C2D00B5095C /* falockAPP11 */ = {
			isa = PBXGroup;
			children = (
				CEFB226F1F048C2D00B5095C /* AppDelegate.swift */,
				CEFB22711F048C2D00B5095C /* ViewController.swift */,
				CEFB22731F048C2D00B5095C /* Main.storyboard */,
				CEFB22761F048C2D00B5095C /* Assets.xcassets */,
				CEFB22781F048C2D00B5095C /* LaunchScreen.storyboard */,
				CEFB227B1F048C2D00B5095C /* Info.plist */,
			);
			path = falockAPP11;
			sourceTree = "<group>";
		};
/* End PBXGroup section */

/* Begin PBXNativeTarget section */
		CEFB226B1F048C2D00B5095C /* falockAPP11 */ = {
			isa = PBXNativeTarget;
			buildConfigurationList = CEFB227E1F048C2D00B5095C /* Build configuration list for PBXNativeTarget "falockAPP11" */;
			buildPhases = (
				CEFB22681F048C2D00B5095C /* Sources */,
				CEFB22691F048C2D00B5095C /* Frameworks */,
				CEFB226A1F048C2D00B5095C /* Resources */,
			);
			buildRules = (
			);
			dependencies = (
			);
			name = falockAPP11;
			productName = falockAPP11;
			productReference = CEFB226C1F048C2D00B5095C /* falockAPP11.app */;
			productType = "com.apple.product-type.application";
		};
/* End PBXNativeTarget section */

/* Begin PBXProject section */
		CEFB22641F048C2D00B5095C /* Project object */ = {
			isa = PBXProject;
			attributes = {
				LastSwiftUpdateCheck = 0830;
				LastUpgradeCheck = 0830;
				ORGANIZATIONNAME = user;
				TargetAttributes = {
					CEFB226B1F048C2D00B5095C = {
						CreatedOnToolsVersion = 8.3.3;
						DevelopmentTeam = C9FGPCC4D9;
						ProvisioningStyle = Automatic;
					};
				};
			};
			buildConfigurationList = CEFB22671F048C2D00B5095C /* Build configuration list for PBXProject "falockAPP11" */;
			compatibilityVersion = "Xcode 3.2";
			developmentRegion = English;
			hasScannedForEncodings = 0;
			knownRegions = (
				en,
				Base,
			);
			mainGroup = CEFB22631F048C2D00B5095C;
			productRefGroup = CEFB226D1F048C2D00B5095C /* Products */;
			projectDirPath = "";
			projectRoot = "";
			targets = (
				CEFB226B1F048C2D00B5095C /* falockAPP11 */,
			);
		};
/* End PBXProject section */

/* Begin PBXResourcesBuildPhase section */
		CEFB226A1F048C2D00B5095C /* Resources */ = {
			isa = PBXResourcesBuildPhase;
			buildActionMask = 2147483647;
			files = (
				CEFB227A1F048C2D00B5095C /* LaunchScreen.storyboard in Resources */,
				CEFB22771F048C2D00B5095C /* Assets.xcassets in Resources */,
				CEFB22751F048C2D00B5095C /* Main.storyboard in Resources */,
			);
			runOnlyForDeploymentPostprocessing = 0;
		};
/* End PBXResourcesBuildPhase section */

/* Begin PBXSourcesBuildPhase section */
		CEFB22681F048C2D00B5095C /* Sources */ = {
			isa = PBXSourcesBuildPhase;
			buildActionMask = 2147483647;
			files = (
				CEFB22721F048C2D00B5095C /* ViewController.swift in Sources */,
				CEFB22701F048C2D00B5095C /* AppDelegate.swift in Sources */,
			);
			runOnlyForDeploymentPostprocessing = 0;
		};
/* End PBXSourcesBuildPhase section */

/* Begin PBXVariantGroup section */
		CEFB22731F048C2D00B5095C /* Main.storyboard */ = {
			isa = PBXVariantGroup;
			children = (
				CEFB22741F048C2D00B5095C /* Base */,
			);
			name = Main.storyboard;
			sourceTree = "<group>";
		};
		CEFB22781F048C2D00B5095C /* LaunchScreen.storyboard */ = {
			isa = PBXVariantGroup;
			children = (
				CEFB22791F048C2D00B5095C /* Base */,
			);
			name = LaunchScreen.storyboard;
			sourceTree = "<group>";
		};
/* End PBXVariantGroup section */

/* Begin XCBuildConfiguration section */
		CEFB227C1F048C2D00B5095C /* Debug */ = {
			isa = XCBuildConfiguration;
			buildSettings = {
				ALWAYS_SEARCH_USER_PATHS = NO;
				CLANG_ANALYZER_NONNULL = YES;
				CLANG_ANALYZER_NUMBER_OBJECT_CONVERSION = YES_AGGRESSIVE;
				CLANG_CXX_LANGUAGE_STANDARD = "gnu++0x";
				CLANG_CXX_LIBRARY = "libc++";
				CLANG_ENABLE_MODULES = YES;
				CLANG_ENABLE_OBJC_ARC = YES;
				CLANG_WARN_BOOL_CONVERSION = YES;
				CLANG_WARN_CONSTANT_CONVERSION = YES;
				CLANG_WARN_DIRECT_OBJC_ISA_USAGE = YES_ERROR;
				CLANG_WARN_DOCUMENTATION_COMMENTS = YES;
				CLANG_WARN_EMPTY_BODY = YES;
				CLANG_WARN_ENUM_CONVERSION = YES;
				CLANG_WARN_INFINITE_RECURSION = YES;
				CLANG_WARN_INT_CONVERSION = YES;
				CLANG_WARN_OBJC_ROOT_CLASS = YES_ERROR;
				CLANG_WARN_SUSPICIOUS_MOVE = YES;
				CLANG_WARN_UNREACHABLE_CODE = YES;
				CLANG_WARN__DUPLICATE_METHOD_MATCH = YES;
				"CODE_SIGN_IDENTITY[sdk=iphoneos*]" = "iPhone Developer";
				COPY_PHASE_STRIP = NO;
				DEBUG_INFORMATION_FORMAT = dwarf;
				ENABLE_STRICT_OBJC_MSGSEND = YES;
				ENABLE_TESTABILITY = YES;
				GCC_C_LANGUAGE_STANDARD = gnu99;
				GCC_DYNAMIC_NO_PIC = NO;
				GCC_NO_COMMON_BLOCKS = YES;
				GCC_OPTIMIZATION_LEVEL = 0;
				GCC_PREPROCESSOR_DEFINITIONS = (
					"DEBUG=1",
					"$(inherited)",
				);
				GCC_WARN_64_TO_32_BIT_CONVERSION = YES;
				GCC_WARN_ABOUT_RETURN_TYPE = YES_ERROR;
				GCC_WARN_UNDECLARED_SELECTOR = YES;
				GCC_WARN_UNINITIALIZED_AUTOS = YES_AGGRESSIVE;
				GCC_WARN_UNUSED_FUNCTION = YES;
				GCC_WARN_UNUSED_VARIABLE = YES;
				IPHONEOS_DEPLOYMENT_TARGET = 10.3;
				MTL_ENABLE_DEBUG_INFO = YES;
				ONLY_ACTIVE_ARCH = YES;
				SDKROOT = iphoneos;
				SWIFT_ACTIVE_COMPILATION_CONDITIONS = DEBUG;
				SWIFT_OPTIMIZATION_LEVEL = "-Onone";
				TARGETED_DEVICE_FAMILY = "1,2";
			};
			name = Debug;
		};
		CEFB227D1F048C2D00B5095C /* Release */ = {
			isa = XCBuildConfiguration;
			buildSettings = {
				ALWAYS_SEARCH_USER_PATHS = NO;
				CLANG_ANALYZER_NONNULL = YES;
				CLANG_ANALYZER_NUMBER_OBJECT_CONVERSION = YES_AGGRESSIVE;
				CLANG_CXX_LANGUAGE_STANDARD = "gnu++0x";
				CLANG_CXX_LIBRARY = "libc++";
				CLANG_ENABLE_MODULES = YES;
				CLANG_ENABLE_OBJC_ARC = YES;
				CLANG_WARN_BOOL_CONVERSION = YES;
				CLANG_WARN_CONSTANT_CONVERSION = YES;
				CLANG_WARN_DIRECT_OBJC_ISA_USAGE = YES_ERROR;
				CLANG_WARN_DOCUMENTATION_COMMENTS = YES;
				CLANG_WARN_EMPTY_BODY = YES;
				CLANG_WARN_ENUM_CONVERSION = YES;
				CLANG_WARN_INFINITE_RECURSION = YES;
				CLANG_WARN_INT_CONVERSION = YES;
				CLANG_WARN_OBJC_ROOT_CLASS = YES_ERROR;
				CLANG_WARN_SUSPICIOUS_MOVE = YES;
				CLANG_WARN_UNREACHABLE_CODE = YES;
				CLANG_WARN__DUPLICATE_METHOD_MATCH = YES;
				"CODE_SIGN_IDENTITY[sdk=iphoneos*]" = "iPhone Developer";
				COPY_PHASE_STRIP = NO;
				DEBUG_INFORMATION_FORMAT = "dwarf-with-dsym";
				ENABLE_NS_ASSERTIONS = NO;
				ENABLE_STRICT_OBJC_MSGSEND = YES;
				GCC_C_LANGUAGE_STANDARD = gnu99;
				GCC_NO_COMMON_BLOCKS = YES;
				GCC_WARN_64_TO_32_BIT_CONVERSION = YES;
				GCC_WARN_ABOUT_RETURN_TYPE = YES_ERROR;
				GCC_WARN_UNDECLARED_SELECTOR = YES;
				GCC_WARN_UNINITIALIZED_AUTOS = YES_AGGRESSIVE;
				GCC_WARN_UNUSED_FUNCTION = YES;
				GCC_WARN_UNUSED_VARIABLE = YES;
				IPHONEOS_DEPLOYMENT_TARGET = 10.3;
				MTL_ENABLE_DEBUG_INFO = NO;
				SDKROOT = iphoneos;
				SWIFT_OPTIMIZATION_LEVEL = "-Owholemodule";
				TARGETED_DEVICE_FAMILY = "1,2";
				VALIDATE_PRODUCT = YES;
			};
			name = Release;
		};
		CEFB227F1F048C2D00B5095C /* Debug */ = {
			isa = XCBuildConfiguration;
			buildSettings = {
				ASSETCATALOG_COMPILER_APPICON_NAME = AppIcon;
				DEVELOPMENT_TEAM = C9FGPCC4D9;
				INFOPLIST_FILE = falockAPP11/Info.plist;
				LD_RUNPATH_SEARCH_PATHS = "$(inherited) @executable_path/Frameworks";
				PRODUCT_BUNDLE_IDENTIFIER = com.1007.falockAPP11;
				PRODUCT_NAME = "$(TARGET_NAME)";
				SWIFT_VERSION = 3.0;
			};
			name = Debug;
		};
		CEFB22801F048C2D00B5095C /* Release */ = {
			isa = XCBuildConfiguration;
			buildSettings = {
				ASSETCATALOG_COMPILER_APPICON_NAME = AppIcon;
				DEVELOPMENT_TEAM = C9FGPCC4D9;
				INFOPLIST_FILE = falockAPP11/Info.plist;
				LD_RUNPATH_SEARCH_PATHS = "$(inherited) @executable_path/Frameworks";
				PRODUCT_BUNDLE_IDENTIFIER = com.1007.falockAPP11;
				PRODUCT_NAME = "$(TARGET_NAME)";
				SWIFT_VERSION = 3.0;
			};
			name = Release;
		};
/* End XCBuildConfiguration section */

/* Begin XCConfigurationList section */
		CEFB22671F048C2D00B5095C /* Build configuration list for PBXProject "falockAPP11" */ = {
			isa = XCConfigurationList;
			buildConfigurations = (
				CEFB227C1F048C2D00B5095C /* Debug */,
				CEFB227D1F048C2D00B5095C /* Release */,
			);
			defaultConfigurationIsVisible = 0;
			defaultConfigurationName = Release;
		};
		CEFB227E1F048C2D00B5095C /* Build configuration list for PBXNativeTarget "falockAPP11" */ = {
			isa = XCConfigurationList;
			buildConfigurations = (
				CEFB227F1F048C2D00B5095C /* Debug */,
				CEFB22801F048C2D00B5095C /* Release */,
			);
			defaultConfigurationIsVisible = 0;
		};
/* End XCConfigurationList section */
	};
	rootObject = CEFB22641F048C2D00B5095C /* Project object */;
}
