// !$*UTF8*$!
{
	archiveVersion = 1;
	classes = {
	};
	objectVersion = 46;
	objects = {

/* Begin PBXBuildFile section */
		CEFD9BF81EF79B530023AEE5 /* AppDelegate.swift in Sources */ = {isa = PBXBuildFile; fileRef = CEFD9BF71EF79B530023AEE5 /* AppDelegate.swift */; };
		CEFD9BFA1EF79B530023AEE5 /* ViewController.swift in Sources */ = {isa = PBXBuildFile; fileRef = CEFD9BF91EF79B530023AEE5 /* ViewController.swift */; };
		CEFD9BFD1EF79B530023AEE5 /* Main.storyboard in Resources */ = {isa = PBXBuildFile; fileRef = CEFD9BFB1EF79B530023AEE5 /* Main.storyboard */; };
		CEFD9BFF1EF79B530023AEE5 /* Assets.xcassets in Resources */ = {isa = PBXBuildFile; fileRef = CEFD9BFE1EF79B530023AEE5 /* Assets.xcassets */; };
		CEFD9C021EF79B530023AEE5 /* LaunchScreen.storyboard in Resources */ = {isa = PBXBuildFile; fileRef = CEFD9C001EF79B530023AEE5 /* LaunchScreen.storyboard */; };
/* End PBXBuildFile section */

/* Begin PBXFileReference section */
		CEFD9BF41EF79B530023AEE5 /* falockAPP01.app */ = {isa = PBXFileReference; explicitFileType = wrapper.application; includeInIndex = 0; path = falockAPP01.app; sourceTree = BUILT_PRODUCTS_DIR; };
		CEFD9BF71EF79B530023AEE5 /* AppDelegate.swift */ = {isa = PBXFileReference; lastKnownFileType = sourcecode.swift; path = AppDelegate.swift; sourceTree = "<group>"; };
		CEFD9BF91EF79B530023AEE5 /* ViewController.swift */ = {isa = PBXFileReference; lastKnownFileType = sourcecode.swift; path = ViewController.swift; sourceTree = "<group>"; };
		CEFD9BFC1EF79B530023AEE5 /* Base */ = {isa = PBXFileReference; lastKnownFileType = file.storyboard; name = Base; path = Base.lproj/Main.storyboard; sourceTree = "<group>"; };
		CEFD9BFE1EF79B530023AEE5 /* Assets.xcassets */ = {isa = PBXFileReference; lastKnownFileType = folder.assetcatalog; path = Assets.xcassets; sourceTree = "<group>"; };
		CEFD9C011EF79B530023AEE5 /* Base */ = {isa = PBXFileReference; lastKnownFileType = file.storyboard; name = Base; path = Base.lproj/LaunchScreen.storyboard; sourceTree = "<group>"; };
		CEFD9C031EF79B540023AEE5 /* Info.plist */ = {isa = PBXFileReference; lastKnownFileType = text.plist.xml; path = Info.plist; sourceTree = "<group>"; };
/* End PBXFileReference section */

/* Begin PBXFrameworksBuildPhase section */
		CEFD9BF11EF79B530023AEE5 /* Frameworks */ = {
			isa = PBXFrameworksBuildPhase;
			buildActionMask = 2147483647;
			files = (
			);
			runOnlyForDeploymentPostprocessing = 0;
		};
/* End PBXFrameworksBuildPhase section */

/* Begin PBXGroup section */
		CEFD9BEB1EF79B530023AEE5 = {
			isa = PBXGroup;
			children = (
				CEFD9BF61EF79B530023AEE5 /* falockAPP01 */,
				CEFD9BF51EF79B530023AEE5 /* Products */,
			);
			sourceTree = "<group>";
		};
		CEFD9BF51EF79B530023AEE5 /* Products */ = {
			isa = PBXGroup;
			children = (
				CEFD9BF41EF79B530023AEE5 /* falockAPP01.app */,
			);
			name = Products;
			sourceTree = "<group>";
		};
		CEFD9BF61EF79B530023AEE5 /* falockAPP01 */ = {
			isa = PBXGroup;
			children = (
				CEFD9BF71EF79B530023AEE5 /* AppDelegate.swift */,
				CEFD9BF91EF79B530023AEE5 /* ViewController.swift */,
				CEFD9BFB1EF79B530023AEE5 /* Main.storyboard */,
				CEFD9BFE1EF79B530023AEE5 /* Assets.xcassets */,
				CEFD9C001EF79B530023AEE5 /* LaunchScreen.storyboard */,
				CEFD9C031EF79B540023AEE5 /* Info.plist */,
			);
			path = falockAPP01;
			sourceTree = "<group>";
		};
/* End PBXGroup section */

/* Begin PBXNativeTarget section */
		CEFD9BF31EF79B530023AEE5 /* falockAPP01 */ = {
			isa = PBXNativeTarget;
			buildConfigurationList = CEFD9C061EF79B540023AEE5 /* Build configuration list for PBXNativeTarget "falockAPP01" */;
			buildPhases = (
				CEFD9BF01EF79B530023AEE5 /* Sources */,
				CEFD9BF11EF79B530023AEE5 /* Frameworks */,
				CEFD9BF21EF79B530023AEE5 /* Resources */,
			);
			buildRules = (
			);
			dependencies = (
			);
			name = falockAPP01;
			productName = falockAPP01;
			productReference = CEFD9BF41EF79B530023AEE5 /* falockAPP01.app */;
			productType = "com.apple.product-type.application";
		};
/* End PBXNativeTarget section */

/* Begin PBXProject section */
		CEFD9BEC1EF79B530023AEE5 /* Project object */ = {
			isa = PBXProject;
			attributes = {
				LastSwiftUpdateCheck = 0830;
				LastUpgradeCheck = 0830;
				ORGANIZATIONNAME = user;
				TargetAttributes = {
					CEFD9BF31EF79B530023AEE5 = {
						CreatedOnToolsVersion = 8.3.3;
						DevelopmentTeam = C9FGPCC4D9;
						ProvisioningStyle = Automatic;
					};
				};
			};
			buildConfigurationList = CEFD9BEF1EF79B530023AEE5 /* Build configuration list for PBXProject "falockAPP01" */;
			compatibilityVersion = "Xcode 3.2";
			developmentRegion = English;
			hasScannedForEncodings = 0;
			knownRegions = (
				en,
				Base,
			);
			mainGroup = CEFD9BEB1EF79B530023AEE5;
			productRefGroup = CEFD9BF51EF79B530023AEE5 /* Products */;
			projectDirPath = "";
			projectRoot = "";
			targets = (
				CEFD9BF31EF79B530023AEE5 /* falockAPP01 */,
			);
		};
/* End PBXProject section */

/* Begin PBXResourcesBuildPhase section */
		CEFD9BF21EF79B530023AEE5 /* Resources */ = {
			isa = PBXResourcesBuildPhase;
			buildActionMask = 2147483647;
			files = (
				CEFD9C021EF79B530023AEE5 /* LaunchScreen.storyboard in Resources */,
				CEFD9BFF1EF79B530023AEE5 /* Assets.xcassets in Resources */,
				CEFD9BFD1EF79B530023AEE5 /* Main.storyboard in Resources */,
			);
			runOnlyForDeploymentPostprocessing = 0;
		};
/* End PBXResourcesBuildPhase section */

/* Begin PBXSourcesBuildPhase section */
		CEFD9BF01EF79B530023AEE5 /* Sources */ = {
			isa = PBXSourcesBuildPhase;
			buildActionMask = 2147483647;
			files = (
				CEFD9BFA1EF79B530023AEE5 /* ViewController.swift in Sources */,
				CEFD9BF81EF79B530023AEE5 /* AppDelegate.swift in Sources */,
			);
			runOnlyForDeploymentPostprocessing = 0;
		};
/* End PBXSourcesBuildPhase section */

/* Begin PBXVariantGroup section */
		CEFD9BFB1EF79B530023AEE5 /* Main.storyboard */ = {
			isa = PBXVariantGroup;
			children = (
				CEFD9BFC1EF79B530023AEE5 /* Base */,
			);
			name = Main.storyboard;
			sourceTree = "<group>";
		};
		CEFD9C001EF79B530023AEE5 /* LaunchScreen.storyboard */ = {
			isa = PBXVariantGroup;
			children = (
				CEFD9C011EF79B530023AEE5 /* Base */,
			);
			name = LaunchScreen.storyboard;
			sourceTree = "<group>";
		};
/* End PBXVariantGroup section */

/* Begin XCBuildConfiguration section */
		CEFD9C041EF79B540023AEE5 /* Debug */ = {
			isa = XCBuildConfiguration;
			buildSettings = {
				ALWAYS_SEARCH_USER_PATHS = NO;
				CLANG_ANALYZER_NONNULL = YES;
				CLANG_ANALYZER_NUMBER_OBJECT_CONVERSION = YES_AGGRESSIVE;
				CLANG_CXX_LANGUAGE_STANDARD = "gnu++0x";
				CLANG_CXX_LIBRARY = "libc++";
				CLANG_ENABLE_MODULES = YES;
				CLANG_ENABLE_OBJC_ARC = YES;
				CLANG_WARN_BOOL_CONVERSION = YES;
				CLANG_WARN_CONSTANT_CONVERSION = YES;
				CLANG_WARN_DIRECT_OBJC_ISA_USAGE = YES_ERROR;
				CLANG_WARN_DOCUMENTATION_COMMENTS = YES;
				CLANG_WARN_EMPTY_BODY = YES;
				CLANG_WARN_ENUM_CONVERSION = YES;
				CLANG_WARN_INFINITE_RECURSION = YES;
				CLANG_WARN_INT_CONVERSION = YES;
				CLANG_WARN_OBJC_ROOT_CLASS = YES_ERROR;
				CLANG_WARN_SUSPICIOUS_MOVE = YES;
				CLANG_WARN_UNREACHABLE_CODE = YES;
				CLANG_WARN__DUPLICATE_METHOD_MATCH = YES;
				"CODE_SIGN_IDENTITY[sdk=iphoneos*]" = "iPhone Developer";
				COPY_PHASE_STRIP = NO;
				DEBUG_INFORMATION_FORMAT = dwarf;
				ENABLE_STRICT_OBJC_MSGSEND = YES;
				ENABLE_TESTABILITY = YES;
				GCC_C_LANGUAGE_STANDARD = gnu99;
				GCC_DYNAMIC_NO_PIC = NO;
				GCC_NO_COMMON_BLOCKS = YES;
				GCC_OPTIMIZATION_LEVEL = 0;
				GCC_PREPROCESSOR_DEFINITIONS = (
					"DEBUG=1",
					"$(inherited)",
				);
				GCC_WARN_64_TO_32_BIT_CONVERSION = YES;
				GCC_WARN_ABOUT_RETURN_TYPE = YES_ERROR;
				GCC_WARN_UNDECLARED_SELECTOR = YES;
				GCC_WARN_UNINITIALIZED_AUTOS = YES_AGGRESSIVE;
				GCC_WARN_UNUSED_FUNCTION = YES;
				GCC_WARN_UNUSED_VARIABLE = YES;
				IPHONEOS_DEPLOYMENT_TARGET = 10.3;
				MTL_ENABLE_DEBUG_INFO = YES;
				ONLY_ACTIVE_ARCH = YES;
				SDKROOT = iphoneos;
				SWIFT_ACTIVE_COMPILATION_CONDITIONS = DEBUG;
				SWIFT_OPTIMIZATION_LEVEL = "-Onone";
				TARGETED_DEVICE_FAMILY = "1,2";
			};
			name = Debug;
		};
		CEFD9C051EF79B540023AEE5 /* Release */ = {
			isa = XCBuildConfiguration;
			buildSettings = {
				ALWAYS_SEARCH_USER_PATHS = NO;
				CLANG_ANALYZER_NONNULL = YES;
				CLANG_ANALYZER_NUMBER_OBJECT_CONVERSION = YES_AGGRESSIVE;
				CLANG_CXX_LANGUAGE_STANDARD = "gnu++0x";
				CLANG_CXX_LIBRARY = "libc++";
				CLANG_ENABLE_MODULES = YES;
				CLANG_ENABLE_OBJC_ARC = YES;
				CLANG_WARN_BOOL_CONVERSION = YES;
				CLANG_WARN_CONSTANT_CONVERSION = YES;
				CLANG_WARN_DIRECT_OBJC_ISA_USAGE = YES_ERROR;
				CLANG_WARN_DOCUMENTATION_COMMENTS = YES;
				CLANG_WARN_EMPTY_BODY = YES;
				CLANG_WARN_ENUM_CONVERSION = YES;
				CLANG_WARN_INFINITE_RECURSION = YES;
				CLANG_WARN_INT_CONVERSION = YES;
				CLANG_WARN_OBJC_ROOT_CLASS = YES_ERROR;
				CLANG_WARN_SUSPICIOUS_MOVE = YES;
				CLANG_WARN_UNREACHABLE_CODE = YES;
				CLANG_WARN__DUPLICATE_METHOD_MATCH = YES;
				"CODE_SIGN_IDENTITY[sdk=iphoneos*]" = "iPhone Developer";
				COPY_PHASE_STRIP = NO;
				DEBUG_INFORMATION_FORMAT = "dwarf-with-dsym";
				ENABLE_NS_ASSERTIONS = NO;
				ENABLE_STRICT_OBJC_MSGSEND = YES;
				GCC_C_LANGUAGE_STANDARD = gnu99;
				GCC_NO_COMMON_BLOCKS = YES;
				GCC_WARN_64_TO_32_BIT_CONVERSION = YES;
				GCC_WARN_ABOUT_RETURN_TYPE = YES_ERROR;
				GCC_WARN_UNDECLARED_SELECTOR = YES;
				GCC_WARN_UNINITIALIZED_AUTOS = YES_AGGRESSIVE;
				GCC_WARN_UNUSED_FUNCTION = YES;
				GCC_WARN_UNUSED_VARIABLE = YES;
				IPHONEOS_DEPLOYMENT_TARGET = 10.3;
				MTL_ENABLE_DEBUG_INFO = NO;
				SDKROOT = iphoneos;
				SWIFT_OPTIMIZATION_LEVEL = "-Owholemodule";
				TARGETED_DEVICE_FAMILY = "1,2";
				VALIDATE_PRODUCT = YES;
			};
			name = Release;
		};
		CEFD9C071EF79B540023AEE5 /* Debug */ = {
			isa = XCBuildConfiguration;
			buildSettings = {
				ASSETCATALOG_COMPILER_APPICON_NAME = AppIcon;
				DEVELOPMENT_TEAM = C9FGPCC4D9;
				INFOPLIST_FILE = falockAPP01/Info.plist;
				LD_RUNPATH_SEARCH_PATHS = "$(inherited) @executable_path/Frameworks";
				PRODUCT_BUNDLE_IDENTIFIER = com.1007.falockAPP01;
				PRODUCT_NAME = "$(TARGET_NAME)";
				SWIFT_VERSION = 3.0;
			};
			name = Debug;
		};
		CEFD9C081EF79B540023AEE5 /* Release */ = {
			isa = XCBuildConfiguration;
			buildSettings = {
				ASSETCATALOG_COMPILER_APPICON_NAME = AppIcon;
				DEVELOPMENT_TEAM = C9FGPCC4D9;
				INFOPLIST_FILE = falockAPP01/Info.plist;
				LD_RUNPATH_SEARCH_PATHS = "$(inherited) @executable_path/Frameworks";
				PRODUCT_BUNDLE_IDENTIFIER = com.1007.falockAPP01;
				PRODUCT_NAME = "$(TARGET_NAME)";
				SWIFT_VERSION = 3.0;
			};
			name = Release;
		};
/* End XCBuildConfiguration section */

/* Begin XCConfigurationList section */
		CEFD9BEF1EF79B530023AEE5 /* Build configuration list for PBXProject "falockAPP01" */ = {
			isa = XCConfigurationList;
			buildConfigurations = (
				CEFD9C041EF79B540023AEE5 /* Debug */,
				CEFD9C051EF79B540023AEE5 /* Release */,
			);
			defaultConfigurationIsVisible = 0;
			defaultConfigurationName = Release;
		};
		CEFD9C061EF79B540023AEE5 /* Build configuration list for PBXNativeTarget "falockAPP01" */ = {
			isa = XCConfigurationList;
			buildConfigurations = (
				CEFD9C071EF79B540023AEE5 /* Debug */,
				CEFD9C081EF79B540023AEE5 /* Release */,
			);
			defaultConfigurationIsVisible = 0;
		};
/* End XCConfigurationList section */
	};
	rootObject = CEFD9BEC1EF79B530023AEE5 /* Project object */;
}
